DEPENDENCIES
  pelias
    path: cookbooks/pelias

GRAPH
  apt (2.7.0)
  ark (4.0.0)
    build-essential (>= 0.0.0)
    seven_zip (>= 0.0.0)
  bluepill (2.4.3)
    rsyslog (>= 2.0)
  build-essential (1.4.4)
  chef-sugar (3.6.0)
  elasticsearch (2.4.1)
    apt (>= 0.0.0)
    ark (>= 0.0.0)
    chef-sugar (>= 0.0.0)
    yum (>= 0.0.0)
  homebrew (5.0.4)
  java (1.50.0)
    apt (>= 0.0.0)
    homebrew (>= 0.0.0)
    windows (>= 0.0.0)
  nginx (2.1.0)
    apt (~> 2.2)
    bluepill (~> 2.3)
    build-essential (~> 1.4)
    ohai (~> 1.1)
    runit (~> 1.2)
    yum (~> 3.0)
    yum-epel (>= 0.0.0)
  nodejs (2.4.0)
    apt (>= 0.0.0)
    ark (>= 0.0.0)
    build-essential (>= 0.0.0)
    homebrew (>= 0.0.0)
    yum-epel (>= 0.0.0)
  ohai (1.1.12)
  pelias (0.6.7)
    apt (~> 2.7.0)
    chef-sugar (< 4.0.0)
    elasticsearch (= 2.4.1)
    java (~> 1.50.0)
    nginx (= 2.1.0)
    nodejs (= 2.4.0)
    ohai (< 4.0.0)
    poise-python (= 1.7.0)
    runit (= 1.5.18)
    user (>= 0.0.0)
  poise (2.8.2)
  poise-archive (1.5.0)
    poise (~> 2.6)
  poise-languages (2.1.2)
    poise (~> 2.5)
    poise-archive (~> 1.0)
  poise-python (1.7.0)
    poise (~> 2.7)
    poise-languages (~> 2.0)
  rsyslog (6.0.7)
  runit (1.5.18)
    build-essential (>= 0.0.0)
    yum (~> 3.0)
    yum-epel (>= 0.0.0)
  seven_zip (3.0.0)
    windows (>= 0.0.0)
  user (0.7.0)
  windows (5.1.0)
  yum (3.13.0)
  yum-epel (3.2.0)
