DEPENDENCIES
  pelias
    path: cookbooks/pelias

GRAPH
  apt (2.7.0)
  ark (3.0.0)
    build-essential (>= 0.0.0)
    seven_zip (>= 0.0.0)
    windows (>= 0.0.0)
  bluepill (2.4.3)
    rsyslog (>= 2.0)
  build-essential (1.4.4)
  chef-sugar (3.4.0)
  compat_resource (12.19.0)
  elasticsearch (2.4.1)
    apt (>= 0.0.0)
    ark (>= 0.0.0)
    chef-sugar (>= 0.0.0)
    yum (>= 0.0.0)
  homebrew (4.1.0)
  java (1.31.0)
  nginx (2.1.0)
    apt (~> 2.2)
    bluepill (~> 2.3)
    build-essential (~> 1.4)
    ohai (~> 1.1)
    runit (~> 1.2)
    yum (~> 3.0)
    yum-epel (>= 0.0.0)
  nodejs (2.4.0)
    apt (>= 0.0.0)
    ark (>= 0.0.0)
    build-essential (>= 0.0.0)
    homebrew (>= 0.0.0)
    yum-epel (>= 0.0.0)
  ohai (1.1.12)
  pelias (0.6.5)
    apt (~> 2.7.0)
    elasticsearch (= 2.4.1)
    java (= 1.31.0)
    nginx (= 2.1.0)
    nodejs (= 2.4.0)
    ohai (< 4.0.0)
    runit (= 1.5.18)
    user (>= 0.0.0)
  rsyslog (6.0.1)
  runit (1.5.18)
    build-essential (>= 0.0.0)
    yum (~> 3.0)
    yum-epel (>= 0.0.0)
  seven_zip (2.0.2)
    windows (>= 1.2.2)
  user (0.7.0)
  windows (2.0.2)
  yum (3.13.0)
  yum-epel (2.1.1)
    compat_resource (>= 12.16.3)
